
Microsoft Visual Studio Solution File, Format Version 12.00
# Visual Studio 2013
VisualStudioVersion = 12.0.40629.0
MinimumVisualStudioVersion = 10.0.40219.1
Project("{FAE04EC0-301F-11D3-BF4B-00C04F79EFBC}") = "DemoMvvm", "DemoMvvm\DemoMvvm.csproj", "{C466EC2F-FF2A-4768-A439-3CDBBC018477}"
EndProject
Project("{2150E333-8FDC-42A3-9474-1A3956D46DE8}") = "DemoMvvm", "DemoMvvm", "{E9264DF6-C13C-46B7-AE1C-8E0E5C658569}"
EndProject
Global
	GlobalSection(SolutionConfigurationPlatforms) = preSolution
		Debug|Any CPU = Debug|Any CPU
		Debug|ARM = Debug|ARM
		Debug|x64 = Debug|x64
		Debug|x86 = Debug|x86
		Release|Any CPU = Release|Any CPU
		Release|ARM = Release|ARM
		Release|x64 = Release|x64
		Release|x86 = Release|x86
		Windows Phone|Any CPU = Windows Phone|Any CPU
		Windows Phone|ARM = Windows Phone|ARM
		Windows Phone|x64 = Windows Phone|x64
		Windows Phone|x86 = Windows Phone|x86
	EndGlobalSection
	GlobalSection(ProjectConfigurationPlatforms) = postSolution
		{C466EC2F-FF2A-4768-A439-3CDBBC018477}.Debug|Any CPU.ActiveCfg = Debug|Any CPU
		{C466EC2F-FF2A-4768-A439-3CDBBC018477}.Debug|Any CPU.Build.0 = Debug|Any CPU
		{C466EC2F-FF2A-4768-A439-3CDBBC018477}.Debug|Any CPU.Deploy.0 = Debug|Any CPU
		{C466EC2F-FF2A-4768-A439-3CDBBC018477}.Debug|ARM.ActiveCfg = Debug|ARM
		{C466EC2F-FF2A-4768-A439-3CDBBC018477}.Debug|ARM.Build.0 = Debug|ARM
		{C466EC2F-FF2A-4768-A439-3CDBBC018477}.Debug|ARM.Deploy.0 = Debug|ARM
		{C466EC2F-FF2A-4768-A439-3CDBBC018477}.Debug|x64.ActiveCfg = Debug|Any CPU
		{C466EC2F-FF2A-4768-A439-3CDBBC018477}.Debug|x86.ActiveCfg = Debug|x86
		{C466EC2F-FF2A-4768-A439-3CDBBC018477}.Debug|x86.Build.0 = Debug|x86
		{C466EC2F-FF2A-4768-A439-3CDBBC018477}.Debug|x86.Deploy.0 = Debug|x86
		{C466EC2F-FF2A-4768-A439-3CDBBC018477}.Release|Any CPU.ActiveCfg = Release|Any CPU
		{C466EC2F-FF2A-4768-A439-3CDBBC018477}.Release|Any CPU.Build.0 = Release|Any CPU
		{C466EC2F-FF2A-4768-A439-3CDBBC018477}.Release|Any CPU.Deploy.0 = Release|Any CPU
		{C466EC2F-FF2A-4768-A439-3CDBBC018477}.Release|ARM.ActiveCfg = Release|ARM
		{C466EC2F-FF2A-4768-A439-3CDBBC018477}.Release|ARM.Build.0 = Release|ARM
		{C466EC2F-FF2A-4768-A439-3CDBBC018477}.Release|ARM.Deploy.0 = Release|ARM
		{C466EC2F-FF2A-4768-A439-3CDBBC018477}.Release|x64.ActiveCfg = Release|Any CPU
		{C466EC2F-FF2A-4768-A439-3CDBBC018477}.Release|x86.ActiveCfg = Release|x86
		{C466EC2F-FF2A-4768-A439-3CDBBC018477}.Release|x86.Build.0 = Release|x86
		{C466EC2F-FF2A-4768-A439-3CDBBC018477}.Release|x86.Deploy.0 = Release|x86
		{C466EC2F-FF2A-4768-A439-3CDBBC018477}.Windows Phone|Any CPU.ActiveCfg = Windows Phone|x86
		{C466EC2F-FF2A-4768-A439-3CDBBC018477}.Windows Phone|Any CPU.Build.0 = Windows Phone|x86
		{C466EC2F-FF2A-4768-A439-3CDBBC018477}.Windows Phone|Any CPU.Deploy.0 = Windows Phone|x86
		{C466EC2F-FF2A-4768-A439-3CDBBC018477}.Windows Phone|ARM.ActiveCfg = Windows Phone|x86
		{C466EC2F-FF2A-4768-A439-3CDBBC018477}.Windows Phone|ARM.Build.0 = Windows Phone|x86
		{C466EC2F-FF2A-4768-A439-3CDBBC018477}.Windows Phone|x64.ActiveCfg = Windows Phone|Any CPU
		{C466EC2F-FF2A-4768-A439-3CDBBC018477}.Windows Phone|x86.ActiveCfg = Windows Phone|x86
		{C466EC2F-FF2A-4768-A439-3CDBBC018477}.Windows Phone|x86.Build.0 = Windows Phone|x86
		{C466EC2F-FF2A-4768-A439-3CDBBC018477}.Windows Phone|x86.Deploy.0 = Windows Phone|x86
	EndGlobalSection
	GlobalSection(SolutionProperties) = preSolution
		HideSolutionNode = FALSE
	EndGlobalSection
	GlobalSection(NestedProjects) = preSolution
		{C466EC2F-FF2A-4768-A439-3CDBBC018477} = {E9264DF6-C13C-46B7-AE1C-8E0E5C658569}
	EndGlobalSection
EndGlobal
